
Microsoft Visual Studio Solution File, Format Version 12.00
# Visual Studio Version 17
VisualStudioVersion = 17.9.34728.123
MinimumVisualStudioVersion = 10.0.40219.1
Project("{FAE04EC0-301F-11D3-BF4B-00C04F79EFBC}") = "CRUDEmployee", "CRUDEmployee\CRUDEmployee.csproj", "{6097A507-6C3F-4BB4-8D8B-BAA136D95CA2}"
EndProject
Global
	GlobalSection(SolutionConfigurationPlatforms) = preSolution
		Debug|Any CPU = Debug|Any CPU
		Release|Any CPU = Release|Any CPU
	EndGlobalSection
	GlobalSection(ProjectConfigurationPlatforms) = postSolution
		{6097A507-6C3F-4BB4-8D8B-BAA136D95CA2}.Debug|Any CPU.ActiveCfg = Debug|Any CPU
		{6097A507-6C3F-4BB4-8D8B-BAA136D95CA2}.Debug|Any CPU.Build.0 = Debug|Any CPU
		{6097A507-6C3F-4BB4-8D8B-BAA136D95CA2}.Release|Any CPU.ActiveCfg = Release|Any CPU
		{6097A507-6C3F-4BB4-8D8B-BAA136D95CA2}.Release|Any CPU.Build.0 = Release|Any CPU
	EndGlobalSection
	GlobalSection(SolutionProperties) = preSolution
		HideSolutionNode = FALSE
	EndGlobalSection
	GlobalSection(ExtensibilityGlobals) = postSolution
		SolutionGuid = {95C86357-B6E5-4441-B77A-AD028BB27AB8}
	EndGlobalSection
EndGlobal
